// !$*UTF8*$!
{
	archiveVersion = 1;
	classes = {
	};
	objectVersion = 46;
	objects = {

/* Begin PBXBuildFile section */
		605B639F1FF2E295006CFD2D /* AppDelegate.swift in Sources */ = {isa = PBXBuildFile; fileRef = 605B639E1FF2E295006CFD2D /* AppDelegate.swift */; };
		605B63A11FF2E295006CFD2D /* ViewController.swift in Sources */ = {isa = PBXBuildFile; fileRef = 605B63A01FF2E295006CFD2D /* ViewController.swift */; };
		605B63A41FF2E295006CFD2D /* Main.storyboard in Resources */ = {isa = PBXBuildFile; fileRef = 605B63A21FF2E295006CFD2D /* Main.storyboard */; };
		605B63A61FF2E295006CFD2D /* Assets.xcassets in Resources */ = {isa = PBXBuildFile; fileRef = 605B63A51FF2E295006CFD2D /* Assets.xcassets */; };
		605B63A91FF2E295006CFD2D /* LaunchScreen.storyboard in Resources */ = {isa = PBXBuildFile; fileRef = 605B63A71FF2E295006CFD2D /* LaunchScreen.storyboard */; };
		605B63B41FF2E295006CFD2D /* Tip_CalculatorTests.swift in Sources */ = {isa = PBXBuildFile; fileRef = 605B63B31FF2E295006CFD2D /* Tip_CalculatorTests.swift */; };
		605B63BF1FF2E295006CFD2D /* Tip_CalculatorUITests.swift in Sources */ = {isa = PBXBuildFile; fileRef = 605B63BE1FF2E295006CFD2D /* Tip_CalculatorUITests.swift */; };
/* End PBXBuildFile section */

/* Begin PBXContainerItemProxy section */
		605B63B01FF2E295006CFD2D /* PBXContainerItemProxy */ = {
			isa = PBXContainerItemProxy;
			containerPortal = 605B63931FF2E294006CFD2D /* Project object */;
			proxyType = 1;
			remoteGlobalIDString = 605B639A1FF2E295006CFD2D;
			remoteInfo = "Tip Calculator";
		};
		605B63BB1FF2E295006CFD2D /* PBXContainerItemProxy */ = {
			isa = PBXContainerItemProxy;
			containerPortal = 605B63931FF2E294006CFD2D /* Project object */;
			proxyType = 1;
			remoteGlobalIDString = 605B639A1FF2E295006CFD2D;
			remoteInfo = "Tip Calculator";
		};
/* End PBXContainerItemProxy section */

/* Begin PBXFileReference section */
		605B639B1FF2E295006CFD2D /* Tip Calculator.app */ = {isa = PBXFileReference; explicitFileType = wrapper.application; includeInIndex = 0; path = "Tip Calculator.app"; sourceTree = BUILT_PRODUCTS_DIR; };
		605B639E1FF2E295006CFD2D /* AppDelegate.swift */ = {isa = PBXFileReference; lastKnownFileType = sourcecode.swift; path = AppDelegate.swift; sourceTree = "<group>"; };
		605B63A01FF2E295006CFD2D /* ViewController.swift */ = {isa = PBXFileReference; lastKnownFileType = sourcecode.swift; path = ViewController.swift; sourceTree = "<group>"; };
		605B63A31FF2E295006CFD2D /* Base */ = {isa = PBXFileReference; lastKnownFileType = file.storyboard; name = Base; path = Base.lproj/Main.storyboard; sourceTree = "<group>"; };
		605B63A51FF2E295006CFD2D /* Assets.xcassets */ = {isa = PBXFileReference; lastKnownFileType = folder.assetcatalog; path = Assets.xcassets; sourceTree = "<group>"; };
		605B63A81FF2E295006CFD2D /* Base */ = {isa = PBXFileReference; lastKnownFileType = file.storyboard; name = Base; path = Base.lproj/LaunchScreen.storyboard; sourceTree = "<group>"; };
		605B63AA1FF2E295006CFD2D /* Info.plist */ = {isa = PBXFileReference; lastKnownFileType = text.plist.xml; path = Info.plist; sourceTree = "<group>"; };
		605B63AF1FF2E295006CFD2D /* Tip CalculatorTests.xctest */ = {isa = PBXFileReference; explicitFileType = wrapper.cfbundle; includeInIndex = 0; path = "Tip CalculatorTests.xctest"; sourceTree = BUILT_PRODUCTS_DIR; };
		605B63B31FF2E295006CFD2D /* Tip_CalculatorTests.swift */ = {isa = PBXFileReference; lastKnownFileType = sourcecode.swift; path = Tip_CalculatorTests.swift; sourceTree = "<group>"; };
		605B63B51FF2E295006CFD2D /* Info.plist */ = {isa = PBXFileReference; lastKnownFileType = text.plist.xml; path = Info.plist; sourceTree = "<group>"; };
		605B63BA1FF2E295006CFD2D /* Tip CalculatorUITests.xctest */ = {isa = PBXFileReference; explicitFileType = wrapper.cfbundle; includeInIndex = 0; path = "Tip CalculatorUITests.xctest"; sourceTree = BUILT_PRODUCTS_DIR; };
		605B63BE1FF2E295006CFD2D /* Tip_CalculatorUITests.swift */ = {isa = PBXFileReference; lastKnownFileType = sourcecode.swift; path = Tip_CalculatorUITests.swift; sourceTree = "<group>"; };
		605B63C01FF2E295006CFD2D /* Info.plist */ = {isa = PBXFileReference; lastKnownFileType = text.plist.xml; path = Info.plist; sourceTree = "<group>"; };
/* End PBXFileReference section */

/* Begin PBXFrameworksBuildPhase section */
		605B63981FF2E295006CFD2D /* Frameworks */ = {
			isa = PBXFrameworksBuildPhase;
			buildActionMask = 2147483647;
			files = (
			);
			runOnlyForDeploymentPostprocessing = 0;
		};
		605B63AC1FF2E295006CFD2D /* Frameworks */ = {
			isa = PBXFrameworksBuildPhase;
			buildActionMask = 2147483647;
			files = (
			);
			runOnlyForDeploymentPostprocessing = 0;
		};
		605B63B71FF2E295006CFD2D /* Frameworks */ = {
			isa = PBXFrameworksBuildPhase;
			buildActionMask = 2147483647;
			files = (
			);
			runOnlyForDeploymentPostprocessing = 0;
		};
/* End PBXFrameworksBuildPhase section */

/* Begin PBXGroup section */
		605B63921FF2E294006CFD2D = {
			isa = PBXGroup;
			children = (
				605B639D1FF2E295006CFD2D /* Tip Calculator */,
				605B63B21FF2E295006CFD2D /* Tip CalculatorTests */,
				605B63BD1FF2E295006CFD2D /* Tip CalculatorUITests */,
				605B639C1FF2E295006CFD2D /* Products */,
			);
			sourceTree = "<group>";
		};
		605B639C1FF2E295006CFD2D /* Products */ = {
			isa = PBXGroup;
			children = (
				605B639B1FF2E295006CFD2D /* Tip Calculator.app */,
				605B63AF1FF2E295006CFD2D /* Tip CalculatorTests.xctest */,
				605B63BA1FF2E295006CFD2D /* Tip CalculatorUITests.xctest */,
			);
			name = Products;
			sourceTree = "<group>";
		};
		605B639D1FF2E295006CFD2D /* Tip Calculator */ = {
			isa = PBXGroup;
			children = (
				605B639E1FF2E295006CFD2D /* AppDelegate.swift */,
				605B63A01FF2E295006CFD2D /* ViewController.swift */,
				605B63A21FF2E295006CFD2D /* Main.storyboard */,
				605B63A51FF2E295006CFD2D /* Assets.xcassets */,
				605B63A71FF2E295006CFD2D /* LaunchScreen.storyboard */,
				605B63AA1FF2E295006CFD2D /* Info.plist */,
			);
			path = "Tip Calculator";
			sourceTree = "<group>";
		};
		605B63B21FF2E295006CFD2D /* Tip CalculatorTests */ = {
			isa = PBXGroup;
			children = (
				605B63B31FF2E295006CFD2D /* Tip_CalculatorTests.swift */,
				605B63B51FF2E295006CFD2D /* Info.plist */,
			);
			path = "Tip CalculatorTests";
			sourceTree = "<group>";
		};
		605B63BD1FF2E295006CFD2D /* Tip CalculatorUITests */ = {
			isa = PBXGroup;
			children = (
				605B63BE1FF2E295006CFD2D /* Tip_CalculatorUITests.swift */,
				605B63C01FF2E295006CFD2D /* Info.plist */,
			);
			path = "Tip CalculatorUITests";
			sourceTree = "<group>";
		};
/* End PBXGroup section */

/* Begin PBXNativeTarget section */
		605B639A1FF2E295006CFD2D /* Tip Calculator */ = {
			isa = PBXNativeTarget;
			buildConfigurationList = 605B63C31FF2E295006CFD2D /* Build configuration list for PBXNativeTarget "Tip Calculator" */;
			buildPhases = (
				605B63971FF2E295006CFD2D /* Sources */,
				605B63981FF2E295006CFD2D /* Frameworks */,
				605B63991FF2E295006CFD2D /* Resources */,
			);
			buildRules = (
			);
			dependencies = (
			);
			name = "Tip Calculator";
			productName = "Tip Calculator";
			productReference = 605B639B1FF2E295006CFD2D /* Tip Calculator.app */;
			productType = "com.apple.product-type.application";
		};
		605B63AE1FF2E295006CFD2D /* Tip CalculatorTests */ = {
			isa = PBXNativeTarget;
			buildConfigurationList = 605B63C61FF2E295006CFD2D /* Build configuration list for PBXNativeTarget "Tip CalculatorTests" */;
			buildPhases = (
				605B63AB1FF2E295006CFD2D /* Sources */,
				605B63AC1FF2E295006CFD2D /* Frameworks */,
				605B63AD1FF2E295006CFD2D /* Resources */,
			);
			buildRules = (
			);
			dependencies = (
				605B63B11FF2E295006CFD2D /* PBXTargetDependency */,
			);
			name = "Tip CalculatorTests";
			productName = "Tip CalculatorTests";
			productReference = 605B63AF1FF2E295006CFD2D /* Tip CalculatorTests.xctest */;
			productType = "com.apple.product-type.bundle.unit-test";
		};
		605B63B91FF2E295006CFD2D /* Tip CalculatorUITests */ = {
			isa = PBXNativeTarget;
			buildConfigurationList = 605B63C91FF2E295006CFD2D /* Build configuration list for PBXNativeTarget "Tip CalculatorUITests" */;
			buildPhases = (
				605B63B61FF2E295006CFD2D /* Sources */,
				605B63B71FF2E295006CFD2D /* Frameworks */,
				605B63B81FF2E295006CFD2D /* Resources */,
			);
			buildRules = (
			);
			dependencies = (
				605B63BC1FF2E295006CFD2D /* PBXTargetDependency */,
			);
			name = "Tip CalculatorUITests";
			productName = "Tip CalculatorUITests";
			productReference = 605B63BA1FF2E295006CFD2D /* Tip CalculatorUITests.xctest */;
			productType = "com.apple.product-type.bundle.ui-testing";
		};
/* End PBXNativeTarget section */

/* Begin PBXProject section */
		605B63931FF2E294006CFD2D /* Project object */ = {
			isa = PBXProject;
			attributes = {
				LastSwiftUpdateCheck = 0800;
				LastUpgradeCheck = 0800;
				ORGANIZATIONNAME = "Deming Yan";
				TargetAttributes = {
					605B639A1FF2E295006CFD2D = {
						CreatedOnToolsVersion = 8.0;
						ProvisioningStyle = Automatic;
					};
					605B63AE1FF2E295006CFD2D = {
						CreatedOnToolsVersion = 8.0;
						ProvisioningStyle = Automatic;
						TestTargetID = 605B639A1FF2E295006CFD2D;
					};
					605B63B91FF2E295006CFD2D = {
						CreatedOnToolsVersion = 8.0;
						ProvisioningStyle = Automatic;
						TestTargetID = 605B639A1FF2E295006CFD2D;
					};
				};
			};
			buildConfigurationList = 605B63961FF2E294006CFD2D /* Build configuration list for PBXProject "Tip Calculator" */;
			compatibilityVersion = "Xcode 3.2";
			developmentRegion = English;
			hasScannedForEncodings = 0;
			knownRegions = (
				en,
				Base,
			);
			mainGroup = 605B63921FF2E294006CFD2D;
			productRefGroup = 605B639C1FF2E295006CFD2D /* Products */;
			projectDirPath = "";
			projectRoot = "";
			targets = (
				605B639A1FF2E295006CFD2D /* Tip Calculator */,
				605B63AE1FF2E295006CFD2D /* Tip CalculatorTests */,
				605B63B91FF2E295006CFD2D /* Tip CalculatorUITests */,
			);
		};
/* End PBXProject section */

/* Begin PBXResourcesBuildPhase section */
		605B63991FF2E295006CFD2D /* Resources */ = {
			isa = PBXResourcesBuildPhase;
			buildActionMask = 2147483647;
			files = (
				605B63A91FF2E295006CFD2D /* LaunchScreen.storyboard in Resources */,
				605B63A61FF2E295006CFD2D /* Assets.xcassets in Resources */,
				605B63A41FF2E295006CFD2D /* Main.storyboard in Resources */,
			);
			runOnlyForDeploymentPostprocessing = 0;
		};
		605B63AD1FF2E295006CFD2D /* Resources */ = {
			isa = PBXResourcesBuildPhase;
			buildActionMask = 2147483647;
			files = (
			);
			runOnlyForDeploymentPostprocessing = 0;
		};
		605B63B81FF2E295006CFD2D /* Resources */ = {
			isa = PBXResourcesBuildPhase;
			buildActionMask = 2147483647;
			files = (
			);
			runOnlyForDeploymentPostprocessing = 0;
		};
/* End PBXResourcesBuildPhase section */

/* Begin PBXSourcesBuildPhase section */
		605B63971FF2E295006CFD2D /* Sources */ = {
			isa = PBXSourcesBuildPhase;
			buildActionMask = 2147483647;
			files = (
				605B63A11FF2E295006CFD2D /* ViewController.swift in Sources */,
				605B639F1FF2E295006CFD2D /* AppDelegate.swift in Sources */,
			);
			runOnlyForDeploymentPostprocessing = 0;
		};
		605B63AB1FF2E295006CFD2D /* Sources */ = {
			isa = PBXSourcesBuildPhase;
			buildActionMask = 2147483647;
			files = (
				605B63B41FF2E295006CFD2D /* Tip_CalculatorTests.swift in Sources */,
			);
			runOnlyForDeploymentPostprocessing = 0;
		};
		605B63B61FF2E295006CFD2D /* Sources */ = {
			isa = PBXSourcesBuildPhase;
			buildActionMask = 2147483647;
			files = (
				605B63BF1FF2E295006CFD2D /* Tip_CalculatorUITests.swift in Sources */,
			);
			runOnlyForDeploymentPostprocessing = 0;
		};
/* End PBXSourcesBuildPhase section */

/* Begin PBXTargetDependency section */
		605B63B11FF2E295006CFD2D /* PBXTargetDependency */ = {
			isa = PBXTargetDependency;
			target = 605B639A1FF2E295006CFD2D /* Tip Calculator */;
			targetProxy = 605B63B01FF2E295006CFD2D /* PBXContainerItemProxy */;
		};
		605B63BC1FF2E295006CFD2D /* PBXTargetDependency */ = {
			isa = PBXTargetDependency;
			target = 605B639A1FF2E295006CFD2D /* Tip Calculator */;
			targetProxy = 605B63BB1FF2E295006CFD2D /* PBXContainerItemProxy */;
		};
/* End PBXTargetDependency section */

/* Begin PBXVariantGroup section */
		605B63A21FF2E295006CFD2D /* Main.storyboard */ = {
			isa = PBXVariantGroup;
			children = (
				605B63A31FF2E295006CFD2D /* Base */,
			);
			name = Main.storyboard;
			sourceTree = "<group>";
		};
		605B63A71FF2E295006CFD2D /* LaunchScreen.storyboard */ = {
			isa = PBXVariantGroup;
			children = (
				605B63A81FF2E295006CFD2D /* Base */,
			);
			name = LaunchScreen.storyboard;
			sourceTree = "<group>";
		};
/* End PBXVariantGroup section */

/* Begin XCBuildConfiguration section */
		605B63C11FF2E295006CFD2D /* Debug */ = {
			isa = XCBuildConfiguration;
			buildSettings = {
				ALWAYS_SEARCH_USER_PATHS = NO;
				CLANG_ANALYZER_NONNULL = YES;
				CLANG_CXX_LANGUAGE_STANDARD = "gnu++0x";
				CLANG_CXX_LIBRARY = "libc++";
				CLANG_ENABLE_MODULES = YES;
				CLANG_ENABLE_OBJC_ARC = YES;
				CLANG_WARN_BOOL_CONVERSION = YES;
				CLANG_WARN_CONSTANT_CONVERSION = YES;
				CLANG_WARN_DIRECT_OBJC_ISA_USAGE = YES_ERROR;
				CLANG_WARN_DOCUMENTATION_COMMENTS = YES;
				CLANG_WARN_EMPTY_BODY = YES;
				CLANG_WARN_ENUM_CONVERSION = YES;
				CLANG_WARN_INFINITE_RECURSION = YES;
				CLANG_WARN_INT_CONVERSION = YES;
				CLANG_WARN_OBJC_ROOT_CLASS = YES_ERROR;
				CLANG_WARN_SUSPICIOUS_MOVES = YES;
				CLANG_WARN_UNREACHABLE_CODE = YES;
				CLANG_WARN__DUPLICATE_METHOD_MATCH = YES;
				"CODE_SIGN_IDENTITY[sdk=iphoneos*]" = "iPhone Developer";
				COPY_PHASE_STRIP = NO;
				DEBUG_INFORMATION_FORMAT = dwarf;
				ENABLE_STRICT_OBJC_MSGSEND = YES;
				ENABLE_TESTABILITY = YES;
				GCC_C_LANGUAGE_STANDARD = gnu99;
				GCC_DYNAMIC_NO_PIC = NO;
				GCC_NO_COMMON_BLOCKS = YES;
				GCC_OPTIMIZATION_LEVEL = 0;
				GCC_PREPROCESSOR_DEFINITIONS = (
					"DEBUG=1",
					"$(inherited)",
				);
				GCC_WARN_64_TO_32_BIT_CONVERSION = YES;
				GCC_WARN_ABOUT_RETURN_TYPE = YES_ERROR;
				GCC_WARN_UNDECLARED_SELECTOR = YES;
				GCC_WARN_UNINITIALIZED_AUTOS = YES_AGGRESSIVE;
				GCC_WARN_UNUSED_FUNCTION = YES;
				GCC_WARN_UNUSED_VARIABLE = YES;
				IPHONEOS_DEPLOYMENT_TARGET = 10.0;
				MTL_ENABLE_DEBUG_INFO = YES;
				ONLY_ACTIVE_ARCH = YES;
				SDKROOT = iphoneos;
				SWIFT_ACTIVE_COMPILATION_CONDITIONS = DEBUG;
				SWIFT_OPTIMIZATION_LEVEL = "-Onone";
			};
			name = Debug;
		};
		605B63C21FF2E295006CFD2D /* Release */ = {
			isa = XCBuildConfiguration;
			buildSettings = {
				ALWAYS_SEARCH_USER_PATHS = NO;
				CLANG_ANALYZER_NONNULL = YES;
				CLANG_CXX_LANGUAGE_STANDARD = "gnu++0x";
				CLANG_CXX_LIBRARY = "libc++";
				CLANG_ENABLE_MODULES = YES;
				CLANG_ENABLE_OBJC_ARC = YES;
				CLANG_WARN_BOOL_CONVERSION = YES;
				CLANG_WARN_CONSTANT_CONVERSION = YES;
				CLANG_WARN_DIRECT_OBJC_ISA_USAGE = YES_ERROR;
				CLANG_WARN_DOCUMENTATION_COMMENTS = YES;
				CLANG_WARN_EMPTY_BODY = YES;
				CLANG_WARN_ENUM_CONVERSION = YES;
				CLANG_WARN_INFINITE_RECURSION = YES;
				CLANG_WARN_INT_CONVERSION = YES;
				CLANG_WARN_OBJC_ROOT_CLASS = YES_ERROR;
				CLANG_WARN_SUSPICIOUS_MOVES = YES;
				CLANG_WARN_UNREACHABLE_CODE = YES;
				CLANG_WARN__DUPLICATE_METHOD_MATCH = YES;
				"CODE_SIGN_IDENTITY[sdk=iphoneos*]" = "iPhone Developer";
				COPY_PHASE_STRIP = NO;
				DEBUG_INFORMATION_FORMAT = "dwarf-with-dsym";
				ENABLE_NS_ASSERTIONS = NO;
				ENABLE_STRICT_OBJC_MSGSEND = YES;
				GCC_C_LANGUAGE_STANDARD = gnu99;
				GCC_NO_COMMON_BLOCKS = YES;
				GCC_WARN_64_TO_32_BIT_CONVERSION = YES;
				GCC_WARN_ABOUT_RETURN_TYPE = YES_ERROR;
				GCC_WARN_UNDECLARED_SELECTOR = YES;
				GCC_WARN_UNINITIALIZED_AUTOS = YES_AGGRESSIVE;
				GCC_WARN_UNUSED_FUNCTION = YES;
				GCC_WARN_UNUSED_VARIABLE = YES;
				IPHONEOS_DEPLOYMENT_TARGET = 10.0;
				MTL_ENABLE_DEBUG_INFO = NO;
				SDKROOT = iphoneos;
				SWIFT_OPTIMIZATION_LEVEL = "-Owholemodule";
				VALIDATE_PRODUCT = YES;
			};
			name = Release;
		};
		605B63C41FF2E295006CFD2D /* Debug */ = {
			isa = XCBuildConfiguration;
			buildSettings = {
				ASSETCATALOG_COMPILER_APPICON_NAME = AppIcon;
				INFOPLIST_FILE = "Tip Calculator/Info.plist";
				LD_RUNPATH_SEARCH_PATHS = "$(inherited) @executable_path/Frameworks";
				PRODUCT_BUNDLE_IDENTIFIER = "Deming.Tip-Calculator";
				PRODUCT_NAME = "$(TARGET_NAME)";
				SWIFT_VERSION = 3.0;
			};
			name = Debug;
		};
		605B63C51FF2E295006CFD2D /* Release */ = {
			isa = XCBuildConfiguration;
			buildSettings = {
				ASSETCATALOG_COMPILER_APPICON_NAME = AppIcon;
				INFOPLIST_FILE = "Tip Calculator/Info.plist";
				LD_RUNPATH_SEARCH_PATHS = "$(inherited) @executable_path/Frameworks";
				PRODUCT_BUNDLE_IDENTIFIER = "Deming.Tip-Calculator";
				PRODUCT_NAME = "$(TARGET_NAME)";
				SWIFT_VERSION = 3.0;
			};
			name = Release;
		};
		605B63C71FF2E295006CFD2D /* Debug */ = {
			isa = XCBuildConfiguration;
			buildSettings = {
				ALWAYS_EMBED_SWIFT_STANDARD_LIBRARIES = YES;
				BUNDLE_LOADER = "$(TEST_HOST)";
				INFOPLIST_FILE = "Tip CalculatorTests/Info.plist";
				LD_RUNPATH_SEARCH_PATHS = "$(inherited) @executable_path/Frameworks @loader_path/Frameworks";
				PRODUCT_BUNDLE_IDENTIFIER = "Deming.Tip-CalculatorTests";
				PRODUCT_NAME = "$(TARGET_NAME)";
				SWIFT_VERSION = 3.0;
				TEST_HOST = "$(BUILT_PRODUCTS_DIR)/Tip Calculator.app/Tip Calculator";
			};
			name = Debug;
		};
		605B63C81FF2E295006CFD2D /* Release */ = {
			isa = XCBuildConfiguration;
			buildSettings = {
				ALWAYS_EMBED_SWIFT_STANDARD_LIBRARIES = YES;
				BUNDLE_LOADER = "$(TEST_HOST)";
				INFOPLIST_FILE = "Tip CalculatorTests/Info.plist";
				LD_RUNPATH_SEARCH_PATHS = "$(inherited) @executable_path/Frameworks @loader_path/Frameworks";
				PRODUCT_BUNDLE_IDENTIFIER = "Deming.Tip-CalculatorTests";
				PRODUCT_NAME = "$(TARGET_NAME)";
				SWIFT_VERSION = 3.0;
				TEST_HOST = "$(BUILT_PRODUCTS_DIR)/Tip Calculator.app/Tip Calculator";
			};
			name = Release;
		};
		605B63CA1FF2E295006CFD2D /* Debug */ = {
			isa = XCBuildConfiguration;
			buildSettings = {
				ALWAYS_EMBED_SWIFT_STANDARD_LIBRARIES = YES;
				INFOPLIST_FILE = "Tip CalculatorUITests/Info.plist";
				LD_RUNPATH_SEARCH_PATHS = "$(inherited) @executable_path/Frameworks @loader_path/Frameworks";
				PRODUCT_BUNDLE_IDENTIFIER = "Deming.Tip-CalculatorUITests";
				PRODUCT_NAME = "$(TARGET_NAME)";
				SWIFT_VERSION = 3.0;
				TEST_TARGET_NAME = "Tip Calculator";
			};
			name = Debug;
		};
		605B63CB1FF2E295006CFD2D /* Release */ = {
			isa = XCBuildConfiguration;
			buildSettings = {
				ALWAYS_EMBED_SWIFT_STANDARD_LIBRARIES = YES;
				INFOPLIST_FILE = "Tip CalculatorUITests/Info.plist";
				LD_RUNPATH_SEARCH_PATHS = "$(inherited) @executable_path/Frameworks @loader_path/Frameworks";
				PRODUCT_BUNDLE_IDENTIFIER = "Deming.Tip-CalculatorUITests";
				PRODUCT_NAME = "$(TARGET_NAME)";
				SWIFT_VERSION = 3.0;
				TEST_TARGET_NAME = "Tip Calculator";
			};
			name = Release;
		};
/* End XCBuildConfiguration section */

/* Begin XCConfigurationList section */
		605B63961FF2E294006CFD2D /* Build configuration list for PBXProject "Tip Calculator" */ = {
			isa = XCConfigurationList;
			buildConfigurations = (
				605B63C11FF2E295006CFD2D /* Debug */,
				605B63C21FF2E295006CFD2D /* Release */,
			);
			defaultConfigurationIsVisible = 0;
			defaultConfigurationName = Release;
		};
		605B63C31FF2E295006CFD2D /* Build configuration list for PBXNativeTarget "Tip Calculator" */ = {
			isa = XCConfigurationList;
			buildConfigurations = (
				605B63C41FF2E295006CFD2D /* Debug */,
				605B63C51FF2E295006CFD2D /* Release */,
			);
			defaultConfigurationIsVisible = 0;
		};
		605B63C61FF2E295006CFD2D /* Build configuration list for PBXNativeTarget "Tip CalculatorTests" */ = {
			isa = XCConfigurationList;
			buildConfigurations = (
				605B63C71FF2E295006CFD2D /* Debug */,
				605B63C81FF2E295006CFD2D /* Release */,
			);
			defaultConfigurationIsVisible = 0;
		};
		605B63C91FF2E295006CFD2D /* Build configuration list for PBXNativeTarget "Tip CalculatorUITests" */ = {
			isa = XCConfigurationList;
			buildConfigurations = (
				605B63CA1FF2E295006CFD2D /* Debug */,
				605B63CB1FF2E295006CFD2D /* Release */,
			);
			defaultConfigurationIsVisible = 0;
		};
/* End XCConfigurationList section */
	};
	rootObject = 605B63931FF2E294006CFD2D /* Project object */;
}
